{
    "name": "revealextfolder",
    "version": "0.0.3",
    "lockfileVersion": 2,
    "requires": true,
    "packages": {
        "": {
            "name": "revealextfolder",
            "version": "0.0.3",
            "dependencies": {
                "open-file-explorer": "^1.0.2"
            },
            "devDependencies": {
                "@types/node": "^18.11.9",
                "@types/vscode": "^1.68.0",
                "typescript": "^4.8.4"
            },
            "engines": {
                "vscode": "^1.68.0"
            }
        },
        "node_modules/@types/node": {
            "version": "18.11.9",
            "resolved": "https://registry.npmjs.org/@types/node/-/node-18.11.9.tgz",
            "integrity": "sha512-CRpX21/kGdzjOpFsZSkcrXMGIBWMGNIHXXBVFSH+ggkftxg+XYP20TESbh+zFvFj3EQOl5byk0HTRn1IL6hbqg==",
            "dev": true
        },
        "node_modules/@types/vscode": {
            "version": "1.73.0",
            "resolved": "https://registry.npmjs.org/@types/vscode/-/vscode-1.73.0.tgz",
            "integrity": "sha512-FhkfF7V3fj7S3WqXu7AxFesBLO3uMkdCPJJPbwyZXezv2xJ6xBWHYM2CmkkbO8wT9Fr3KipwxGGOoQRrYq7mHg==",
            "dev": true
        },
        "node_modules/open-file-explorer": {
            "version": "1.0.2",
            "resolved": "https://registry.npmjs.org/open-file-explorer/-/open-file-explorer-1.0.2.tgz",
            "integrity": "sha512-U4p+VW5uhtgK5W7qSsRhKioYAHCiTX9PiqV4ZtAFLMGfQ3QhppaEevk8k8+DSjM6rgc1yNIR2nttDuWfdNnnJQ=="
        },
        "node_modules/typescript": {
            "version": "4.8.4",
            "resolved": "https://registry.npmjs.org/typescript/-/typescript-4.8.4.tgz",
            "integrity": "sha512-QCh+85mCy+h0IGff8r5XWzOVSbBO+KfeYrMQh7NJ58QujwcE22u+NUSmUxqF+un70P9GXKxa2HCNiTTMJknyjQ==",
            "dev": true,
            "bin": {
                "tsc": "bin/tsc",
                "tsserver": "bin/tsserver"
            },
            "engines": {
                "node": ">=4.2.0"
            }
        }
    },
    "dependencies": {
        "@types/node": {
            "version": "18.11.9",
            "resolved": "https://registry.npmjs.org/@types/node/-/node-18.11.9.tgz",
            "integrity": "sha512-CRpX21/kGdzjOpFsZSkcrXMGIBWMGNIHXXBVFSH+ggkftxg+XYP20TESbh+zFvFj3EQOl5byk0HTRn1IL6hbqg==",
            "dev": true
        },
        "@types/vscode": {
            "version": "1.73.0",
            "resolved": "https://registry.npmjs.org/@types/vscode/-/vscode-1.73.0.tgz",
            "integrity": "sha512-FhkfF7V3fj7S3WqXu7AxFesBLO3uMkdCPJJPbwyZXezv2xJ6xBWHYM2CmkkbO8wT9Fr3KipwxGGOoQRrYq7mHg==",
            "dev": true
        },
        "open-file-explorer": {
            "version": "1.0.2",
            "resolved": "https://registry.npmjs.org/open-file-explorer/-/open-file-explorer-1.0.2.tgz",
            "integrity": "sha512-U4p+VW5uhtgK5W7qSsRhKioYAHCiTX9PiqV4ZtAFLMGfQ3QhppaEevk8k8+DSjM6rgc1yNIR2nttDuWfdNnnJQ=="
        },
        "typescript": {
            "version": "4.8.4",
            "resolved": "https://registry.npmjs.org/typescript/-/typescript-4.8.4.tgz",
            "integrity": "sha512-QCh+85mCy+h0IGff8r5XWzOVSbBO+KfeYrMQh7NJ58QujwcE22u+NUSmUxqF+un70P9GXKxa2HCNiTTMJknyjQ==",
            "dev": true
        }
    }
}
